// !$*UTF8*$!
{
	archiveVersion = 1;
	classes = {
	};
	objectVersion = 50;
	objects = {

/* Begin PBXBuildFile section */
		05A4CB0B995B8612623D866C /* Pods_declarative_view.framework in Frameworks */ = {isa = PBXBuildFile; fileRef = 94BA315C356D5CD4E3FC5EA5 /* Pods_declarative_view.framework */; };
		1409C30B2534AC3B003ACBCE /* AppDelegate.swift in Sources */ = {isa = PBXBuildFile; fileRef = 1409C30A2534AC3B003ACBCE /* AppDelegate.swift */; };
		1409C30D2534AC3B003ACBCE /* SceneDelegate.swift in Sources */ = {isa = PBXBuildFile; fileRef = 1409C30C2534AC3B003ACBCE /* SceneDelegate.swift */; };
		1409C30F2534AC3B003ACBCE /* ViewController.swift in Sources */ = {isa = PBXBuildFile; fileRef = 1409C30E2534AC3B003ACBCE /* ViewController.swift */; };
		1409C3142534AC3E003ACBCE /* Assets.xcassets in Resources */ = {isa = PBXBuildFile; fileRef = 1409C3132534AC3E003ACBCE /* Assets.xcassets */; };
		1409C3172534AC3E003ACBCE /* LaunchScreen.storyboard in Resources */ = {isa = PBXBuildFile; fileRef = 1409C3152534AC3E003ACBCE /* LaunchScreen.storyboard */; };
		145090322537111E00C3C4D9 /* Reflex.swift in Sources */ = {isa = PBXBuildFile; fileRef = 145090312537111E00C3C4D9 /* Reflex.swift */; };
		145090342537191900C3C4D9 /* Components.swift in Sources */ = {isa = PBXBuildFile; fileRef = 145090332537191900C3C4D9 /* Components.swift */; };
		145090362538C1B500C3C4D9 /* Render.swift in Sources */ = {isa = PBXBuildFile; fileRef = 145090352538C1B500C3C4D9 /* Render.swift */; };
/* End PBXBuildFile section */

/* Begin PBXFileReference section */
		1409C3072534AC3B003ACBCE /* declarative-view.app */ = {isa = PBXFileReference; explicitFileType = wrapper.application; includeInIndex = 0; path = "declarative-view.app"; sourceTree = BUILT_PRODUCTS_DIR; };
		1409C30A2534AC3B003ACBCE /* AppDelegate.swift */ = {isa = PBXFileReference; lastKnownFileType = sourcecode.swift; path = AppDelegate.swift; sourceTree = "<group>"; };
		1409C30C2534AC3B003ACBCE /* SceneDelegate.swift */ = {isa = PBXFileReference; lastKnownFileType = sourcecode.swift; path = SceneDelegate.swift; sourceTree = "<group>"; };
		1409C30E2534AC3B003ACBCE /* ViewController.swift */ = {isa = PBXFileReference; lastKnownFileType = sourcecode.swift; path = ViewController.swift; sourceTree = "<group>"; };
		1409C3132534AC3E003ACBCE /* Assets.xcassets */ = {isa = PBXFileReference; lastKnownFileType = folder.assetcatalog; path = Assets.xcassets; sourceTree = "<group>"; };
		1409C3162534AC3E003ACBCE /* Base */ = {isa = PBXFileReference; lastKnownFileType = file.storyboard; name = Base; path = Base.lproj/LaunchScreen.storyboard; sourceTree = "<group>"; };
		1409C3182534AC3E003ACBCE /* Info.plist */ = {isa = PBXFileReference; lastKnownFileType = text.plist.xml; path = Info.plist; sourceTree = "<group>"; };
		1409C31E2534AC51003ACBCE /* declarative-view.entitlements */ = {isa = PBXFileReference; lastKnownFileType = text.plist.entitlements; path = "declarative-view.entitlements"; sourceTree = "<group>"; };
		145090312537111E00C3C4D9 /* Reflex.swift */ = {isa = PBXFileReference; lastKnownFileType = sourcecode.swift; path = Reflex.swift; sourceTree = "<group>"; };
		145090332537191900C3C4D9 /* Components.swift */ = {isa = PBXFileReference; lastKnownFileType = sourcecode.swift; path = Components.swift; sourceTree = "<group>"; };
		145090352538C1B500C3C4D9 /* Render.swift */ = {isa = PBXFileReference; lastKnownFileType = sourcecode.swift; path = Render.swift; sourceTree = "<group>"; };
		617AB84E9956D76AC395B0F2 /* Pods-declarative-view.debug.xcconfig */ = {isa = PBXFileReference; includeInIndex = 1; lastKnownFileType = text.xcconfig; name = "Pods-declarative-view.debug.xcconfig"; path = "Target Support Files/Pods-declarative-view/Pods-declarative-view.debug.xcconfig"; sourceTree = "<group>"; };
		94BA315C356D5CD4E3FC5EA5 /* Pods_declarative_view.framework */ = {isa = PBXFileReference; explicitFileType = wrapper.framework; includeInIndex = 0; path = Pods_declarative_view.framework; sourceTree = BUILT_PRODUCTS_DIR; };
		EA9C2F6CC991AAE77BDE9E92 /* Pods-declarative-view.release.xcconfig */ = {isa = PBXFileReference; includeInIndex = 1; lastKnownFileType = text.xcconfig; name = "Pods-declarative-view.release.xcconfig"; path = "Target Support Files/Pods-declarative-view/Pods-declarative-view.release.xcconfig"; sourceTree = "<group>"; };
/* End PBXFileReference section */

/* Begin PBXFrameworksBuildPhase section */
		1409C3042534AC3A003ACBCE /* Frameworks */ = {
			isa = PBXFrameworksBuildPhase;
			buildActionMask = 2147483647;
			files = (
				05A4CB0B995B8612623D866C /* Pods_declarative_view.framework in Frameworks */,
			);
			runOnlyForDeploymentPostprocessing = 0;
		};
/* End PBXFrameworksBuildPhase section */

/* Begin PBXGroup section */
		00B419734225FA6DF7CC255E /* Frameworks */ = {
			isa = PBXGroup;
			children = (
				94BA315C356D5CD4E3FC5EA5 /* Pods_declarative_view.framework */,
			);
			name = Frameworks;
			sourceTree = "<group>";
		};
		1409C2FE2534AC3A003ACBCE = {
			isa = PBXGroup;
			children = (
				1409C3092534AC3B003ACBCE /* declarative-view */,
				1409C3082534AC3B003ACBCE /* Products */,
				1B71DC6B36D2DD94EDA18222 /* Pods */,
				00B419734225FA6DF7CC255E /* Frameworks */,
			);
			sourceTree = "<group>";
		};
		1409C3082534AC3B003ACBCE /* Products */ = {
			isa = PBXGroup;
			children = (
				1409C3072534AC3B003ACBCE /* declarative-view.app */,
			);
			name = Products;
			sourceTree = "<group>";
		};
		1409C3092534AC3B003ACBCE /* declarative-view */ = {
			isa = PBXGroup;
			children = (
				1409C31E2534AC51003ACBCE /* declarative-view.entitlements */,
				1409C30A2534AC3B003ACBCE /* AppDelegate.swift */,
				1409C30C2534AC3B003ACBCE /* SceneDelegate.swift */,
				1409C3132534AC3E003ACBCE /* Assets.xcassets */,
				1409C3152534AC3E003ACBCE /* LaunchScreen.storyboard */,
				1409C3182534AC3E003ACBCE /* Info.plist */,
				1409C30E2534AC3B003ACBCE /* ViewController.swift */,
				145090312537111E00C3C4D9 /* Reflex.swift */,
				145090352538C1B500C3C4D9 /* Render.swift */,
				145090332537191900C3C4D9 /* Components.swift */,
			);
			path = "declarative-view";
			sourceTree = "<group>";
		};
		1B71DC6B36D2DD94EDA18222 /* Pods */ = {
			isa = PBXGroup;
			children = (
				617AB84E9956D76AC395B0F2 /* Pods-declarative-view.debug.xcconfig */,
				EA9C2F6CC991AAE77BDE9E92 /* Pods-declarative-view.release.xcconfig */,
			);
			name = Pods;
			path = Pods;
			sourceTree = "<group>";
		};
/* End PBXGroup section */

/* Begin PBXNativeTarget section */
		1409C3062534AC3A003ACBCE /* declarative-view */ = {
			isa = PBXNativeTarget;
			buildConfigurationList = 1409C31B2534AC3E003ACBCE /* Build configuration list for PBXNativeTarget "declarative-view" */;
			buildPhases = (
				462CF2A62C56D48377C1511D /* [CP] Check Pods Manifest.lock */,
				1409C3032534AC3A003ACBCE /* Sources */,
				1409C3042534AC3A003ACBCE /* Frameworks */,
				1409C3052534AC3A003ACBCE /* Resources */,
				55255869F1A468ACEEA5849F /* [CP] Embed Pods Frameworks */,
			);
			buildRules = (
			);
			dependencies = (
			);
			name = "declarative-view";
			productName = "declarative-view";
			productReference = 1409C3072534AC3B003ACBCE /* declarative-view.app */;
			productType = "com.apple.product-type.application";
		};
/* End PBXNativeTarget section */

/* Begin PBXProject section */
		1409C2FF2534AC3A003ACBCE /* Project object */ = {
			isa = PBXProject;
			attributes = {
				LastSwiftUpdateCheck = 1160;
				LastUpgradeCheck = 1160;
				ORGANIZATIONNAME = "Luke Ellis Bower";
				TargetAttributes = {
					1409C3062534AC3A003ACBCE = {
						CreatedOnToolsVersion = 11.6;
					};
				};
			};
			buildConfigurationList = 1409C3022534AC3A003ACBCE /* Build configuration list for PBXProject "declarative-view" */;
			compatibilityVersion = "Xcode 9.3";
			developmentRegion = en;
			hasScannedForEncodings = 0;
			knownRegions = (
				en,
				Base,
			);
			mainGroup = 1409C2FE2534AC3A003ACBCE;
			productRefGroup = 1409C3082534AC3B003ACBCE /* Products */;
			projectDirPath = "";
			projectRoot = "";
			targets = (
				1409C3062534AC3A003ACBCE /* declarative-view */,
			);
		};
/* End PBXProject section */

/* Begin PBXResourcesBuildPhase section */
		1409C3052534AC3A003ACBCE /* Resources */ = {
			isa = PBXResourcesBuildPhase;
			buildActionMask = 2147483647;
			files = (
				1409C3172534AC3E003ACBCE /* LaunchScreen.storyboard in Resources */,
				1409C3142534AC3E003ACBCE /* Assets.xcassets in Resources */,
			);
			runOnlyForDeploymentPostprocessing = 0;
		};
/* End PBXResourcesBuildPhase section */

/* Begin PBXShellScriptBuildPhase section */
		462CF2A62C56D48377C1511D /* [CP] Check Pods Manifest.lock */ = {
			isa = PBXShellScriptBuildPhase;
			buildActionMask = 2147483647;
			files = (
			);
			inputFileListPaths = (
			);
			inputPaths = (
				"${PODS_PODFILE_DIR_PATH}/Podfile.lock",
				"${PODS_ROOT}/Manifest.lock",
			);
			name = "[CP] Check Pods Manifest.lock";
			outputFileListPaths = (
			);
			outputPaths = (
				"$(DERIVED_FILE_DIR)/Pods-declarative-view-checkManifestLockResult.txt",
			);
			runOnlyForDeploymentPostprocessing = 0;
			shellPath = /bin/sh;
			shellScript = "diff \"${PODS_PODFILE_DIR_PATH}/Podfile.lock\" \"${PODS_ROOT}/Manifest.lock\" > /dev/null\nif [ $? != 0 ] ; then\n    # print error to STDERR\n    echo \"error: The sandbox is not in sync with the Podfile.lock. Run 'pod install' or update your CocoaPods installation.\" >&2\n    exit 1\nfi\n# This output is used by Xcode 'outputs' to avoid re-running this script phase.\necho \"SUCCESS\" > \"${SCRIPT_OUTPUT_FILE_0}\"\n";
			showEnvVarsInLog = 0;
		};
		55255869F1A468ACEEA5849F /* [CP] Embed Pods Frameworks */ = {
			isa = PBXShellScriptBuildPhase;
			buildActionMask = 2147483647;
			files = (
			);
			inputFileListPaths = (
				"${PODS_ROOT}/Target Support Files/Pods-declarative-view/Pods-declarative-view-frameworks-${CONFIGURATION}-input-files.xcfilelist",
			);
			name = "[CP] Embed Pods Frameworks";
			outputFileListPaths = (
				"${PODS_ROOT}/Target Support Files/Pods-declarative-view/Pods-declarative-view-frameworks-${CONFIGURATION}-output-files.xcfilelist",
			);
			runOnlyForDeploymentPostprocessing = 0;
			shellPath = /bin/sh;
			shellScript = "\"${PODS_ROOT}/Target Support Files/Pods-declarative-view/Pods-declarative-view-frameworks.sh\"\n";
			showEnvVarsInLog = 0;
		};
/* End PBXShellScriptBuildPhase section */

/* Begin PBXSourcesBuildPhase section */
		1409C3032534AC3A003ACBCE /* Sources */ = {
			isa = PBXSourcesBuildPhase;
			buildActionMask = 2147483647;
			files = (
				1409C30F2534AC3B003ACBCE /* ViewController.swift in Sources */,
				145090322537111E00C3C4D9 /* Reflex.swift in Sources */,
				1409C30B2534AC3B003ACBCE /* AppDelegate.swift in Sources */,
				145090342537191900C3C4D9 /* Components.swift in Sources */,
				1409C30D2534AC3B003ACBCE /* SceneDelegate.swift in Sources */,
				145090362538C1B500C3C4D9 /* Render.swift in Sources */,
			);
			runOnlyForDeploymentPostprocessing = 0;
		};
/* End PBXSourcesBuildPhase section */

/* Begin PBXVariantGroup section */
		1409C3152534AC3E003ACBCE /* LaunchScreen.storyboard */ = {
			isa = PBXVariantGroup;
			children = (
				1409C3162534AC3E003ACBCE /* Base */,
			);
			name = LaunchScreen.storyboard;
			sourceTree = "<group>";
		};
/* End PBXVariantGroup section */

/* Begin XCBuildConfiguration section */
		1409C3192534AC3E003ACBCE /* Debug */ = {
			isa = XCBuildConfiguration;
			buildSettings = {
				ALWAYS_SEARCH_USER_PATHS = NO;
				CLANG_ANALYZER_NONNULL = YES;
				CLANG_ANALYZER_NUMBER_OBJECT_CONVERSION = YES_AGGRESSIVE;
				CLANG_CXX_LANGUAGE_STANDARD = "gnu++14";
				CLANG_CXX_LIBRARY = "libc++";
				CLANG_ENABLE_MODULES = YES;
				CLANG_ENABLE_OBJC_ARC = YES;
				CLANG_ENABLE_OBJC_WEAK = YES;
				CLANG_WARN_BLOCK_CAPTURE_AUTORELEASING = YES;
				CLANG_WARN_BOOL_CONVERSION = YES;
				CLANG_WARN_COMMA = YES;
				CLANG_WARN_CONSTANT_CONVERSION = YES;
				CLANG_WARN_DEPRECATED_OBJC_IMPLEMENTATIONS = YES;
				CLANG_WARN_DIRECT_OBJC_ISA_USAGE = YES_ERROR;
				CLANG_WARN_DOCUMENTATION_COMMENTS = YES;
				CLANG_WARN_EMPTY_BODY = YES;
				CLANG_WARN_ENUM_CONVERSION = YES;
				CLANG_WARN_INFINITE_RECURSION = YES;
				CLANG_WARN_INT_CONVERSION = YES;
				CLANG_WARN_NON_LITERAL_NULL_CONVERSION = YES;
				CLANG_WARN_OBJC_IMPLICIT_RETAIN_SELF = YES;
				CLANG_WARN_OBJC_LITERAL_CONVERSION = YES;
				CLANG_WARN_OBJC_ROOT_CLASS = YES_ERROR;
				CLANG_WARN_RANGE_LOOP_ANALYSIS = YES;
				CLANG_WARN_STRICT_PROTOTYPES = YES;
				CLANG_WARN_SUSPICIOUS_MOVE = YES;
				CLANG_WARN_UNGUARDED_AVAILABILITY = YES_AGGRESSIVE;
				CLANG_WARN_UNREACHABLE_CODE = YES;
				CLANG_WARN__DUPLICATE_METHOD_MATCH = YES;
				COPY_PHASE_STRIP = NO;
				DEBUG_INFORMATION_FORMAT = dwarf;
				ENABLE_STRICT_OBJC_MSGSEND = YES;
				ENABLE_TESTABILITY = YES;
				GCC_C_LANGUAGE_STANDARD = gnu11;
				GCC_DYNAMIC_NO_PIC = NO;
				GCC_NO_COMMON_BLOCKS = YES;
				GCC_OPTIMIZATION_LEVEL = 0;
				GCC_PREPROCESSOR_DEFINITIONS = (
					"DEBUG=1",
					"$(inherited)",
				);
				GCC_WARN_64_TO_32_BIT_CONVERSION = YES;
				GCC_WARN_ABOUT_RETURN_TYPE = YES_ERROR;
				GCC_WARN_UNDECLARED_SELECTOR = YES;
				GCC_WARN_UNINITIALIZED_AUTOS = YES_AGGRESSIVE;
				GCC_WARN_UNUSED_FUNCTION = YES;
				GCC_WARN_UNUSED_VARIABLE = YES;
				IPHONEOS_DEPLOYMENT_TARGET = 13.6;
				MTL_ENABLE_DEBUG_INFO = INCLUDE_SOURCE;
				MTL_FAST_MATH = YES;
				ONLY_ACTIVE_ARCH = YES;
				SDKROOT = iphoneos;
				SWIFT_ACTIVE_COMPILATION_CONDITIONS = DEBUG;
				SWIFT_OPTIMIZATION_LEVEL = "-Onone";
			};
			name = Debug;
		};
		1409C31A2534AC3E003ACBCE /* Release */ = {
			isa = XCBuildConfiguration;
			buildSettings = {
				ALWAYS_SEARCH_USER_PATHS = NO;
				CLANG_ANALYZER_NONNULL = YES;
				CLANG_ANALYZER_NUMBER_OBJECT_CONVERSION = YES_AGGRESSIVE;
				CLANG_CXX_LANGUAGE_STANDARD = "gnu++14";
				CLANG_CXX_LIBRARY = "libc++";
				CLANG_ENABLE_MODULES = YES;
				CLANG_ENABLE_OBJC_ARC = YES;
				CLANG_ENABLE_OBJC_WEAK = YES;
				CLANG_WARN_BLOCK_CAPTURE_AUTORELEASING = YES;
				CLANG_WARN_BOOL_CONVERSION = YES;
				CLANG_WARN_COMMA = YES;
				CLANG_WARN_CONSTANT_CONVERSION = YES;
				CLANG_WARN_DEPRECATED_OBJC_IMPLEMENTATIONS = YES;
				CLANG_WARN_DIRECT_OBJC_ISA_USAGE = YES_ERROR;
				CLANG_WARN_DOCUMENTATION_COMMENTS = YES;
				CLANG_WARN_EMPTY_BODY = YES;
				CLANG_WARN_ENUM_CONVERSION = YES;
				CLANG_WARN_INFINITE_RECURSION = YES;
				CLANG_WARN_INT_CONVERSION = YES;
				CLANG_WARN_NON_LITERAL_NULL_CONVERSION = YES;
				CLANG_WARN_OBJC_IMPLICIT_RETAIN_SELF = YES;
				CLANG_WARN_OBJC_LITERAL_CONVERSION = YES;
				CLANG_WARN_OBJC_ROOT_CLASS = YES_ERROR;
				CLANG_WARN_RANGE_LOOP_ANALYSIS = YES;
				CLANG_WARN_STRICT_PROTOTYPES = YES;
				CLANG_WARN_SUSPICIOUS_MOVE = YES;
				CLANG_WARN_UNGUARDED_AVAILABILITY = YES_AGGRESSIVE;
				CLANG_WARN_UNREACHABLE_CODE = YES;
				CLANG_WARN__DUPLICATE_METHOD_MATCH = YES;
				COPY_PHASE_STRIP = NO;
				DEBUG_INFORMATION_FORMAT = "dwarf-with-dsym";
				ENABLE_NS_ASSERTIONS = NO;
				ENABLE_STRICT_OBJC_MSGSEND = YES;
				GCC_C_LANGUAGE_STANDARD = gnu11;
				GCC_NO_COMMON_BLOCKS = YES;
				GCC_WARN_64_TO_32_BIT_CONVERSION = YES;
				GCC_WARN_ABOUT_RETURN_TYPE = YES_ERROR;
				GCC_WARN_UNDECLARED_SELECTOR = YES;
				GCC_WARN_UNINITIALIZED_AUTOS = YES_AGGRESSIVE;
				GCC_WARN_UNUSED_FUNCTION = YES;
				GCC_WARN_UNUSED_VARIABLE = YES;
				IPHONEOS_DEPLOYMENT_TARGET = 13.6;
				MTL_ENABLE_DEBUG_INFO = NO;
				MTL_FAST_MATH = YES;
				SDKROOT = iphoneos;
				SWIFT_COMPILATION_MODE = wholemodule;
				SWIFT_OPTIMIZATION_LEVEL = "-O";
				VALIDATE_PRODUCT = YES;
			};
			name = Release;
		};
		1409C31C2534AC3E003ACBCE /* Debug */ = {
			isa = XCBuildConfiguration;
			baseConfigurationReference = 617AB84E9956D76AC395B0F2 /* Pods-declarative-view.debug.xcconfig */;
			buildSettings = {
				ASSETCATALOG_COMPILER_APPICON_NAME = AppIcon;
				CODE_SIGN_ENTITLEMENTS = "declarative-view/declarative-view.entitlements";
				CODE_SIGN_STYLE = Automatic;
				DEVELOPMENT_TEAM = N26S9GCRCK;
				INFOPLIST_FILE = "declarative-view/Info.plist";
				LD_RUNPATH_SEARCH_PATHS = (
					"$(inherited)",
					"@executable_path/Frameworks",
				);
				PRODUCT_BUNDLE_IDENTIFIER = "com.lukeellisbower.declarative-view";
				PRODUCT_NAME = "$(TARGET_NAME)";
				SUPPORTS_MACCATALYST = YES;
				SWIFT_VERSION = 5.0;
				TARGETED_DEVICE_FAMILY = "1,2";
			};
			name = Debug;
		};
		1409C31D2534AC3E003ACBCE /* Release */ = {
			isa = XCBuildConfiguration;
			baseConfigurationReference = EA9C2F6CC991AAE77BDE9E92 /* Pods-declarative-view.release.xcconfig */;
			buildSettings = {
				ASSETCATALOG_COMPILER_APPICON_NAME = AppIcon;
				CODE_SIGN_ENTITLEMENTS = "declarative-view/declarative-view.entitlements";
				CODE_SIGN_STYLE = Automatic;
				DEVELOPMENT_TEAM = N26S9GCRCK;
				INFOPLIST_FILE = "declarative-view/Info.plist";
				LD_RUNPATH_SEARCH_PATHS = (
					"$(inherited)",
					"@executable_path/Frameworks",
				);
				PRODUCT_BUNDLE_IDENTIFIER = "com.lukeellisbower.declarative-view";
				PRODUCT_NAME = "$(TARGET_NAME)";
				SUPPORTS_MACCATALYST = YES;
				SWIFT_VERSION = 5.0;
				TARGETED_DEVICE_FAMILY = "1,2";
			};
			name = Release;
		};
/* End XCBuildConfiguration section */

/* Begin XCConfigurationList section */
		1409C3022534AC3A003ACBCE /* Build configuration list for PBXProject "declarative-view" */ = {
			isa = XCConfigurationList;
			buildConfigurations = (
				1409C3192534AC3E003ACBCE /* Debug */,
				1409C31A2534AC3E003ACBCE /* Release */,
			);
			defaultConfigurationIsVisible = 0;
			defaultConfigurationName = Release;
		};
		1409C31B2534AC3E003ACBCE /* Build configuration list for PBXNativeTarget "declarative-view" */ = {
			isa = XCConfigurationList;
			buildConfigurations = (
				1409C31C2534AC3E003ACBCE /* Debug */,
				1409C31D2534AC3E003ACBCE /* Release */,
			);
			defaultConfigurationIsVisible = 0;
			defaultConfigurationName = Release;
		};
/* End XCConfigurationList section */
	};
	rootObject = 1409C2FF2534AC3A003ACBCE /* Project object */;
}
